{
  "name": "emojietor",
  "version": "1.0.0",
  "lockfileVersion": 3,
  "requires": true,
  "packages": {
    "": {
      "name": "emojietor",
      "version": "1.0.0",
      "license": "ISC",
      "dependencies": {
        "emojietor": "^1.0.0"
      }
    },
    "node_modules/emojietor": {
      "version": "1.0.0",
      "resolved": "https://registry.npmjs.org/emojietor/-/emojietor-1.0.0.tgz",
      "integrity": "sha512-ZDhmqPaz0fHmR0d1zMxH9NgANWwK0NB26CH/XqgmbQURHLAw4PxS/GMEPSUqaLCWoi66MCdv1TPyn9QJaNuZjQ==",
      "license": "ISC"
    }
  }
}
